PODS:
  - Flutter (1.0.0)
  - qiscus_meet (0.0.3-beta.4):
    - Flutter
    - QiscusMeetFramework (= 3.2.0)
  - QiscusMeetFramework (3.2.0)

DEPENDENCIES:
  - Flutter (from `Flutter`)
  - qiscus_meet (from `.symlinks/plugins/qiscus_meet/ios`)

SPEC REPOS:
  trunk:
    - QiscusMeetFramework

EXTERNAL SOURCES:
  Flutter:
    :path: Flutter
  qiscus_meet:
    :path: ".symlinks/plugins/qiscus_meet/ios"

SPEC CHECKSUMS:
  Flutter: 434fef37c0980e73bb6479ef766c45957d4b510c
  qiscus_meet: 5969fec2a1a9459c44afee83df8d225b743aa616
  QiscusMeetFramework: abfea750d0934d7183ec0a99fee2981562dfc265

PODFILE CHECKSUM: 992dbf0dd3c79049eb1aaef13d105142627efc07

COCOAPODS: 1.10.1
